
Microsoft Visual Studio Solution File, Format Version 12.00
# Visual Studio Version 17
VisualStudioVersion = 17.0.31903.59
MinimumVisualStudioVersion = 10.0.40219.1
Project("{FAE04EC0-301F-11D3-BF4B-00C04F79EFBC}") = "CalibrationMvc", "CalibrationMvc.csproj", "{9365F358-BE7F-41AA-A1AC-EC6B6DF8094C}"
EndProject
Global
	GlobalSection(SolutionConfigurationPlatforms) = preSolution
		Debug|Any CPU = Debug|Any CPU
		Release|Any CPU = Release|Any CPU
	EndGlobalSection
	GlobalSection(ProjectConfigurationPlatforms) = postSolution
		{9365F358-BE7F-41AA-A1AC-EC6B6DF8094C}.Debug|Any CPU.ActiveCfg = Debug|Any CPU
		{9365F358-BE7F-41AA-A1AC-EC6B6DF8094C}.Debug|Any CPU.Build.0 = Debug|Any CPU
		{9365F358-BE7F-41AA-A1AC-EC6B6DF8094C}.Release|Any CPU.ActiveCfg = Release|Any CPU
		{9365F358-BE7F-41AA-A1AC-EC6B6DF8094C}.Release|Any CPU.Build.0 = Release|Any CPU
	EndGlobalSection
	GlobalSection(SolutionProperties) = preSolution
		HideSolutionNode = FALSE
	EndGlobalSection
	GlobalSection(ExtensibilityGlobals) = postSolution
		SolutionGuid = {1B78E621-B954-411B-B036-4C7D0B144114}
	EndGlobalSection
EndGlobal
